
Microsoft Visual Studio Solution File, Format Version 12.00
# Visual Studio Version 16
VisualStudioVersion = 16.0.29911.84
MinimumVisualStudioVersion = 10.0.40219.1
Project("{FAE04EC0-301F-11D3-BF4B-00C04F79EFBC}") = "AndromedaRentCar", "AndromedaRentCar\AndromedaRentCar.csproj", "{62FB3E00-E7B9-4B2B-B118-850CD91016F3}"
EndProject
Global
	GlobalSection(SolutionConfigurationPlatforms) = preSolution
		Debug|Any CPU = Debug|Any CPU
		Release|Any CPU = Release|Any CPU
	EndGlobalSection
	GlobalSection(ProjectConfigurationPlatforms) = postSolution
		{62FB3E00-E7B9-4B2B-B118-850CD91016F3}.Debug|Any CPU.ActiveCfg = Debug|Any CPU
		{62FB3E00-E7B9-4B2B-B118-850CD91016F3}.Debug|Any CPU.Build.0 = Debug|Any CPU
		{62FB3E00-E7B9-4B2B-B118-850CD91016F3}.Release|Any CPU.ActiveCfg = Release|Any CPU
		{62FB3E00-E7B9-4B2B-B118-850CD91016F3}.Release|Any CPU.Build.0 = Release|Any CPU
	EndGlobalSection
	GlobalSection(SolutionProperties) = preSolution
		HideSolutionNode = FALSE
	EndGlobalSection
	GlobalSection(ExtensibilityGlobals) = postSolution
		SolutionGuid = {88FF8AB3-E4CF-4D31-9125-D746E8A9C5CF}
	EndGlobalSection
EndGlobal
